
Microsoft Visual Studio Solution File, Format Version 12.00
# Visual Studio Version 17
VisualStudioVersion = 17.9.34728.123
MinimumVisualStudioVersion = 10.0.40219.1
Project("{FAE04EC0-301F-11D3-BF4B-00C04F79EFBC}") = "CSV_to_TXT", "CSV_to_TXT\CSV_to_TXT.csproj", "{568FDCE9-EC94-459E-816B-25F47D6A3797}"
EndProject
Global
	GlobalSection(SolutionConfigurationPlatforms) = preSolution
		Debug|Any CPU = Debug|Any CPU
		Release|Any CPU = Release|Any CPU
	EndGlobalSection
	GlobalSection(ProjectConfigurationPlatforms) = postSolution
		{568FDCE9-EC94-459E-816B-25F47D6A3797}.Debug|Any CPU.ActiveCfg = Debug|Any CPU
		{568FDCE9-EC94-459E-816B-25F47D6A3797}.Debug|Any CPU.Build.0 = Debug|Any CPU
		{568FDCE9-EC94-459E-816B-25F47D6A3797}.Release|Any CPU.ActiveCfg = Release|Any CPU
		{568FDCE9-EC94-459E-816B-25F47D6A3797}.Release|Any CPU.Build.0 = Release|Any CPU
	EndGlobalSection
	GlobalSection(SolutionProperties) = preSolution
		HideSolutionNode = FALSE
	EndGlobalSection
	GlobalSection(ExtensibilityGlobals) = postSolution
		SolutionGuid = {BF1593FE-029F-4C0A-A9A4-000911CF11EA}
	EndGlobalSection
EndGlobal
